# This file was autogenerated by Stack.
# You should not edit this file by hand.
# For more information, please see the documentation at:
#   https://docs.haskellstack.org/en/stable/lock_files

packages:
- completed:
    hackage: plucky-0.0.0.1@sha256:9b08e180bf4af6d26ac4e04a2d5f6d4529cefd4e8a310283f817b55b72beef56,1142
    pantry-tree:
      size: 370
      sha256: d233cf157af4fcc6898e6dae6743fc65d3877aa801e75053a825d42fcb6c1cac
  original:
    hackage: plucky-0.0.0.1
snapshots:
- completed:
    size: 524164
    url: https://raw.githubusercontent.com/commercialhaskell/stackage-snapshots/master/lts/14/22.yaml
    sha256: 7ad8f33179b32d204165a3a662c6269464a47a7e65a30abc38d01b5a38ec42c0
  original: lts-14.22
